
Microsoft Visual Studio Solution File, Format Version 12.00
# Visual Studio Version 18
VisualStudioVersion = 18.2.11415.280
MinimumVisualStudioVersion = 10.0.40219.1
Project("{FAE04EC0-301F-11D3-BF4B-00C04F79EFBC}") = "AuthServer.Identity.Domain", "AuthServer.Identity.Domain\AuthServer.Identity.Domain.csproj", "{83C94163-590D-4D0C-A556-12EE08F0BC55}"
EndProject
Project("{FAE04EC0-301F-11D3-BF4B-00C04F79EFBC}") = "AuthServer.Identity.Application", "AuthServer.Identity.Application\AuthServer.Identity.Application.csproj", "{EAA34BA6-B1EB-4E47-91BF-945141ECC57D}"
EndProject
Project("{FAE04EC0-301F-11D3-BF4B-00C04F79EFBC}") = "AuthServer.Identity.Persistence", "AuthServer.Identity.Persistence\AuthServer.Identity.Persistence.csproj", "{060F8E36-BCFE-490D-9A92-2812EC63042A}"
EndProject
Project("{FAE04EC0-301F-11D3-BF4B-00C04F79EFBC}") = "AuthServer.Identity.Infrastructure", "AuthServer.Identity.Infrastructure\AuthServer.Identity.Infrastructure.csproj", "{1D44727F-F33B-46BC-8B10-B6B475243F50}"
EndProject
Project("{FAE04EC0-301F-11D3-BF4B-00C04F79EFBC}") = "AuthServer.Identity.API", "AuthServer.Identity.API\AuthServer.Identity.API.csproj", "{0DCBEF86-B8B5-4185-9C0F-409FFE3DE7C1}"
EndProject
Project("{FAE04EC0-301F-11D3-BF4B-00C04F79EFBC}") = "AuthServer.Gateway", "AuthServer.Gateway\AuthServer.Gateway.csproj", "{0BC666AA-F6FA-40B5-BB7C-EC1E43A2BB10}"
EndProject
Project("{FAE04EC0-301F-11D3-BF4B-00C04F79EFBC}") = "AuthServer.Laboratory.API", "AuthServer.Laboratory.API\AuthServer.Laboratory.API.csproj", "{82324B7B-8165-43F8-BFF7-D899914F67E6}"
EndProject
Project("{2150E333-8FDC-42A3-9474-1A3956D46DE8}") = "AuthServer.Web", "AuthServer.Web", "{391EF6D2-7B9C-438F-C674-96041883AD91}"
EndProject
Project("{FAE04EC0-301F-11D3-BF4B-00C04F79EFBC}") = "AuthServer.Web", "AuthServer.Web\AuthServer.Web\AuthServer.Web.csproj", "{98D9E197-A502-4112-BE16-258BDCD6FFAC}"
EndProject
Project("{FAE04EC0-301F-11D3-BF4B-00C04F79EFBC}") = "AuthServer.Web.Client", "AuthServer.Web\AuthServer.Web.Client\AuthServer.Web.Client.csproj", "{7441ACCA-1B19-4E55-B701-3A882B79676D}"
EndProject
Project("{2150E333-8FDC-42A3-9474-1A3956D46DE8}") = "Solution Items", "Solution Items", "{26372C3A-A655-4574-BFAA-80649D533D5C}"
	ProjectSection(SolutionItems) = preProject
		readme.txt = readme.txt
	EndProjectSection
EndProject
Global
	GlobalSection(SolutionConfigurationPlatforms) = preSolution
		Debug|Any CPU = Debug|Any CPU
		Debug|x64 = Debug|x64
		Debug|x86 = Debug|x86
		Release|Any CPU = Release|Any CPU
		Release|x64 = Release|x64
		Release|x86 = Release|x86
	EndGlobalSection
	GlobalSection(ProjectConfigurationPlatforms) = postSolution
		{83C94163-590D-4D0C-A556-12EE08F0BC55}.Debug|Any CPU.ActiveCfg = Debug|Any CPU
		{83C94163-590D-4D0C-A556-12EE08F0BC55}.Debug|Any CPU.Build.0 = Debug|Any CPU
		{83C94163-590D-4D0C-A556-12EE08F0BC55}.Debug|x64.ActiveCfg = Debug|Any CPU
		{83C94163-590D-4D0C-A556-12EE08F0BC55}.Debug|x64.Build.0 = Debug|Any CPU
		{83C94163-590D-4D0C-A556-12EE08F0BC55}.Debug|x86.ActiveCfg = Debug|Any CPU
		{83C94163-590D-4D0C-A556-12EE08F0BC55}.Debug|x86.Build.0 = Debug|Any CPU
		{83C94163-590D-4D0C-A556-12EE08F0BC55}.Release|Any CPU.ActiveCfg = Release|Any CPU
		{83C94163-590D-4D0C-A556-12EE08F0BC55}.Release|Any CPU.Build.0 = Release|Any CPU
		{83C94163-590D-4D0C-A556-12EE08F0BC55}.Release|x64.ActiveCfg = Release|Any CPU
		{83C94163-590D-4D0C-A556-12EE08F0BC55}.Release|x64.Build.0 = Release|Any CPU
		{83C94163-590D-4D0C-A556-12EE08F0BC55}.Release|x86.ActiveCfg = Release|Any CPU
		{83C94163-590D-4D0C-A556-12EE08F0BC55}.Release|x86.Build.0 = Release|Any CPU
		{EAA34BA6-B1EB-4E47-91BF-945141ECC57D}.Debug|Any CPU.ActiveCfg = Debug|Any CPU
		{EAA34BA6-B1EB-4E47-91BF-945141ECC57D}.Debug|Any CPU.Build.0 = Debug|Any CPU
		{EAA34BA6-B1EB-4E47-91BF-945141ECC57D}.Debug|x64.ActiveCfg = Debug|Any CPU
		{EAA34BA6-B1EB-4E47-91BF-945141ECC57D}.Debug|x64.Build.0 = Debug|Any CPU
		{EAA34BA6-B1EB-4E47-91BF-945141ECC57D}.Debug|x86.ActiveCfg = Debug|Any CPU
		{EAA34BA6-B1EB-4E47-91BF-945141ECC57D}.Debug|x86.Build.0 = Debug|Any CPU
		{EAA34BA6-B1EB-4E47-91BF-945141ECC57D}.Release|Any CPU.ActiveCfg = Release|Any CPU
		{EAA34BA6-B1EB-4E47-91BF-945141ECC57D}.Release|Any CPU.Build.0 = Release|Any CPU
		{EAA34BA6-B1EB-4E47-91BF-945141ECC57D}.Release|x64.ActiveCfg = Release|Any CPU
		{EAA34BA6-B1EB-4E47-91BF-945141ECC57D}.Release|x64.Build.0 = Release|Any CPU
		{EAA34BA6-B1EB-4E47-91BF-945141ECC57D}.Release|x86.ActiveCfg = Release|Any CPU
		{EAA34BA6-B1EB-4E47-91BF-945141ECC57D}.Release|x86.Build.0 = Release|Any CPU
		{060F8E36-BCFE-490D-9A92-2812EC63042A}.Debug|Any CPU.ActiveCfg = Debug|Any CPU
		{060F8E36-BCFE-490D-9A92-2812EC63042A}.Debug|Any CPU.Build.0 = Debug|Any CPU
		{060F8E36-BCFE-490D-9A92-2812EC63042A}.Debug|x64.ActiveCfg = Debug|Any CPU
		{060F8E36-BCFE-490D-9A92-2812EC63042A}.Debug|x64.Build.0 = Debug|Any CPU
		{060F8E36-BCFE-490D-9A92-2812EC63042A}.Debug|x86.ActiveCfg = Debug|Any CPU
		{060F8E36-BCFE-490D-9A92-2812EC63042A}.Debug|x86.Build.0 = Debug|Any CPU
		{060F8E36-BCFE-490D-9A92-2812EC63042A}.Release|Any CPU.ActiveCfg = Release|Any CPU
		{060F8E36-BCFE-490D-9A92-2812EC63042A}.Release|Any CPU.Build.0 = Release|Any CPU
		{060F8E36-BCFE-490D-9A92-2812EC63042A}.Release|x64.ActiveCfg = Release|Any CPU
		{060F8E36-BCFE-490D-9A92-2812EC63042A}.Release|x64.Build.0 = Release|Any CPU
		{060F8E36-BCFE-490D-9A92-2812EC63042A}.Release|x86.ActiveCfg = Release|Any CPU
		{060F8E36-BCFE-490D-9A92-2812EC63042A}.Release|x86.Build.0 = Release|Any CPU
		{1D44727F-F33B-46BC-8B10-B6B475243F50}.Debug|Any CPU.ActiveCfg = Debug|Any CPU
		{1D44727F-F33B-46BC-8B10-B6B475243F50}.Debug|Any CPU.Build.0 = Debug|Any CPU
		{1D44727F-F33B-46BC-8B10-B6B475243F50}.Debug|x64.ActiveCfg = Debug|Any CPU
		{1D44727F-F33B-46BC-8B10-B6B475243F50}.Debug|x64.Build.0 = Debug|Any CPU
		{1D44727F-F33B-46BC-8B10-B6B475243F50}.Debug|x86.ActiveCfg = Debug|Any CPU
		{1D44727F-F33B-46BC-8B10-B6B475243F50}.Debug|x86.Build.0 = Debug|Any CPU
		{1D44727F-F33B-46BC-8B10-B6B475243F50}.Release|Any CPU.ActiveCfg = Release|Any CPU
		{1D44727F-F33B-46BC-8B10-B6B475243F50}.Release|Any CPU.Build.0 = Release|Any CPU
		{1D44727F-F33B-46BC-8B10-B6B475243F50}.Release|x64.ActiveCfg = Release|Any CPU
		{1D44727F-F33B-46BC-8B10-B6B475243F50}.Release|x64.Build.0 = Release|Any CPU
		{1D44727F-F33B-46BC-8B10-B6B475243F50}.Release|x86.ActiveCfg = Release|Any CPU
		{1D44727F-F33B-46BC-8B10-B6B475243F50}.Release|x86.Build.0 = Release|Any CPU
		{0DCBEF86-B8B5-4185-9C0F-409FFE3DE7C1}.Debug|Any CPU.ActiveCfg = Debug|Any CPU
		{0DCBEF86-B8B5-4185-9C0F-409FFE3DE7C1}.Debug|Any CPU.Build.0 = Debug|Any CPU
		{0DCBEF86-B8B5-4185-9C0F-409FFE3DE7C1}.Debug|x64.ActiveCfg = Debug|Any CPU
		{0DCBEF86-B8B5-4185-9C0F-409FFE3DE7C1}.Debug|x64.Build.0 = Debug|Any CPU
		{0DCBEF86-B8B5-4185-9C0F-409FFE3DE7C1}.Debug|x86.ActiveCfg = Debug|Any CPU
		{0DCBEF86-B8B5-4185-9C0F-409FFE3DE7C1}.Debug|x86.Build.0 = Debug|Any CPU
		{0DCBEF86-B8B5-4185-9C0F-409FFE3DE7C1}.Release|Any CPU.ActiveCfg = Release|Any CPU
		{0DCBEF86-B8B5-4185-9C0F-409FFE3DE7C1}.Release|Any CPU.Build.0 = Release|Any CPU
		{0DCBEF86-B8B5-4185-9C0F-409FFE3DE7C1}.Release|x64.ActiveCfg = Release|Any CPU
		{0DCBEF86-B8B5-4185-9C0F-409FFE3DE7C1}.Release|x64.Build.0 = Release|Any CPU
		{0DCBEF86-B8B5-4185-9C0F-409FFE3DE7C1}.Release|x86.ActiveCfg = Release|Any CPU
		{0DCBEF86-B8B5-4185-9C0F-409FFE3DE7C1}.Release|x86.Build.0 = Release|Any CPU
		{0BC666AA-F6FA-40B5-BB7C-EC1E43A2BB10}.Debug|Any CPU.ActiveCfg = Debug|Any CPU
		{0BC666AA-F6FA-40B5-BB7C-EC1E43A2BB10}.Debug|Any CPU.Build.0 = Debug|Any CPU
		{0BC666AA-F6FA-40B5-BB7C-EC1E43A2BB10}.Debug|x64.ActiveCfg = Debug|Any CPU
		{0BC666AA-F6FA-40B5-BB7C-EC1E43A2BB10}.Debug|x64.Build.0 = Debug|Any CPU
		{0BC666AA-F6FA-40B5-BB7C-EC1E43A2BB10}.Debug|x86.ActiveCfg = Debug|Any CPU
		{0BC666AA-F6FA-40B5-BB7C-EC1E43A2BB10}.Debug|x86.Build.0 = Debug|Any CPU
		{0BC666AA-F6FA-40B5-BB7C-EC1E43A2BB10}.Release|Any CPU.ActiveCfg = Release|Any CPU
		{0BC666AA-F6FA-40B5-BB7C-EC1E43A2BB10}.Release|Any CPU.Build.0 = Release|Any CPU
		{0BC666AA-F6FA-40B5-BB7C-EC1E43A2BB10}.Release|x64.ActiveCfg = Release|Any CPU
		{0BC666AA-F6FA-40B5-BB7C-EC1E43A2BB10}.Release|x64.Build.0 = Release|Any CPU
		{0BC666AA-F6FA-40B5-BB7C-EC1E43A2BB10}.Release|x86.ActiveCfg = Release|Any CPU
		{0BC666AA-F6FA-40B5-BB7C-EC1E43A2BB10}.Release|x86.Build.0 = Release|Any CPU
		{82324B7B-8165-43F8-BFF7-D899914F67E6}.Debug|Any CPU.ActiveCfg = Debug|Any CPU
		{82324B7B-8165-43F8-BFF7-D899914F67E6}.Debug|Any CPU.Build.0 = Debug|Any CPU
		{82324B7B-8165-43F8-BFF7-D899914F67E6}.Debug|x64.ActiveCfg = Debug|Any CPU
		{82324B7B-8165-43F8-BFF7-D899914F67E6}.Debug|x64.Build.0 = Debug|Any CPU
		{82324B7B-8165-43F8-BFF7-D899914F67E6}.Debug|x86.ActiveCfg = Debug|Any CPU
		{82324B7B-8165-43F8-BFF7-D899914F67E6}.Debug|x86.Build.0 = Debug|Any CPU
		{82324B7B-8165-43F8-BFF7-D899914F67E6}.Release|Any CPU.ActiveCfg = Release|Any CPU
		{82324B7B-8165-43F8-BFF7-D899914F67E6}.Release|Any CPU.Build.0 = Release|Any CPU
		{82324B7B-8165-43F8-BFF7-D899914F67E6}.Release|x64.ActiveCfg = Release|Any CPU
		{82324B7B-8165-43F8-BFF7-D899914F67E6}.Release|x64.Build.0 = Release|Any CPU
		{82324B7B-8165-43F8-BFF7-D899914F67E6}.Release|x86.ActiveCfg = Release|Any CPU
		{82324B7B-8165-43F8-BFF7-D899914F67E6}.Release|x86.Build.0 = Release|Any CPU
		{98D9E197-A502-4112-BE16-258BDCD6FFAC}.Debug|Any CPU.ActiveCfg = Debug|Any CPU
		{98D9E197-A502-4112-BE16-258BDCD6FFAC}.Debug|Any CPU.Build.0 = Debug|Any CPU
		{98D9E197-A502-4112-BE16-258BDCD6FFAC}.Debug|x64.ActiveCfg = Debug|Any CPU
		{98D9E197-A502-4112-BE16-258BDCD6FFAC}.Debug|x64.Build.0 = Debug|Any CPU
		{98D9E197-A502-4112-BE16-258BDCD6FFAC}.Debug|x86.ActiveCfg = Debug|Any CPU
		{98D9E197-A502-4112-BE16-258BDCD6FFAC}.Debug|x86.Build.0 = Debug|Any CPU
		{98D9E197-A502-4112-BE16-258BDCD6FFAC}.Release|Any CPU.ActiveCfg = Release|Any CPU
		{98D9E197-A502-4112-BE16-258BDCD6FFAC}.Release|Any CPU.Build.0 = Release|Any CPU
		{98D9E197-A502-4112-BE16-258BDCD6FFAC}.Release|x64.ActiveCfg = Release|Any CPU
		{98D9E197-A502-4112-BE16-258BDCD6FFAC}.Release|x64.Build.0 = Release|Any CPU
		{98D9E197-A502-4112-BE16-258BDCD6FFAC}.Release|x86.ActiveCfg = Release|Any CPU
		{98D9E197-A502-4112-BE16-258BDCD6FFAC}.Release|x86.Build.0 = Release|Any CPU
		{7441ACCA-1B19-4E55-B701-3A882B79676D}.Debug|Any CPU.ActiveCfg = Debug|Any CPU
		{7441ACCA-1B19-4E55-B701-3A882B79676D}.Debug|Any CPU.Build.0 = Debug|Any CPU
		{7441ACCA-1B19-4E55-B701-3A882B79676D}.Debug|x64.ActiveCfg = Debug|Any CPU
		{7441ACCA-1B19-4E55-B701-3A882B79676D}.Debug|x64.Build.0 = Debug|Any CPU
		{7441ACCA-1B19-4E55-B701-3A882B79676D}.Debug|x86.ActiveCfg = Debug|Any CPU
		{7441ACCA-1B19-4E55-B701-3A882B79676D}.Debug|x86.Build.0 = Debug|Any CPU
		{7441ACCA-1B19-4E55-B701-3A882B79676D}.Release|Any CPU.ActiveCfg = Release|Any CPU
		{7441ACCA-1B19-4E55-B701-3A882B79676D}.Release|Any CPU.Build.0 = Release|Any CPU
		{7441ACCA-1B19-4E55-B701-3A882B79676D}.Release|x64.ActiveCfg = Release|Any CPU
		{7441ACCA-1B19-4E55-B701-3A882B79676D}.Release|x64.Build.0 = Release|Any CPU
		{7441ACCA-1B19-4E55-B701-3A882B79676D}.Release|x86.ActiveCfg = Release|Any CPU
		{7441ACCA-1B19-4E55-B701-3A882B79676D}.Release|x86.Build.0 = Release|Any CPU
	EndGlobalSection
	GlobalSection(SolutionProperties) = preSolution
		HideSolutionNode = FALSE
	EndGlobalSection
	GlobalSection(NestedProjects) = preSolution
		{98D9E197-A502-4112-BE16-258BDCD6FFAC} = {391EF6D2-7B9C-438F-C674-96041883AD91}
		{7441ACCA-1B19-4E55-B701-3A882B79676D} = {391EF6D2-7B9C-438F-C674-96041883AD91}
	EndGlobalSection
	GlobalSection(ExtensibilityGlobals) = postSolution
		SolutionGuid = {DF329DEA-5981-4A11-A26B-7F1E6E978506}
	EndGlobalSection
EndGlobal
